
Microsoft Visual Studio Solution File, Format Version 12.00
# Visual Studio Version 16
VisualStudioVersion = 16.0.30406.217
MinimumVisualStudioVersion = 10.0.40219.1
Project("{2150E333-8FDC-42A3-9474-1A3956D46DE8}") = "Solution Items", "Solution Items", "{EFDAD10B-8A68-4F5E-B7F9-6F16BA0C00FE}"
EndProject
Project("{FAE04EC0-301F-11D3-BF4B-00C04F79EFBC}") = "Bomb_B", "Bomb_B\Bomb_B.csproj", "{5B5E5481-44FA-4386-A998-262D0A633C9D}"
EndProject
Global
	GlobalSection(SolutionConfigurationPlatforms) = preSolution
		Debug|Any CPU = Debug|Any CPU
		Release|Any CPU = Release|Any CPU
	EndGlobalSection
	GlobalSection(ProjectConfigurationPlatforms) = postSolution
		{5B5E5481-44FA-4386-A998-262D0A633C9D}.Debug|Any CPU.ActiveCfg = Debug|Any CPU
		{5B5E5481-44FA-4386-A998-262D0A633C9D}.Debug|Any CPU.Build.0 = Debug|Any CPU
		{5B5E5481-44FA-4386-A998-262D0A633C9D}.Release|Any CPU.ActiveCfg = Release|Any CPU
		{5B5E5481-44FA-4386-A998-262D0A633C9D}.Release|Any CPU.Build.0 = Release|Any CPU
	EndGlobalSection
	GlobalSection(SolutionProperties) = preSolution
		HideSolutionNode = FALSE
	EndGlobalSection
	GlobalSection(ExtensibilityGlobals) = postSolution
		SolutionGuid = {6EFF60DE-9658-49F9-8F3F-DF214579221C}
	EndGlobalSection
EndGlobal
